version = 1
revision = 3
requires-python = ">=3.11"

[[package]]
name = "basedpyright"
version = "1.37.1"
source = { registry = "https://pypi.org/simple" }
dependencies = [
    { name = "nodejs-wheel-binaries" },
]
sdist = { url = "https://files.pythonhosted.org/packages/0c/b0/fbba81ea29eed1274e965cd0445f0d6020b467ff4d3393791e4d6ae02e64/basedpyright-1.37.1.tar.gz", hash = "sha256:1f47bc6f45cbcc5d6f8619d60aa42128e4b38942f5118dcd4bc20c3466c5e02f", size = 25235384, upload-time = "2026-01-08T14:42:46.447Z" }
wheels = [
    { url = "https://files.pythonhosted.org/packages/ad/d6/6b33bb49f08d761d7c958a1e3cecfb3ffbdcf4ba6bbed65b23ab47516b75/basedpyright-1.37.1-py3-none-any.whl", hash = "sha256:caf3adfe54f51623241712f8b4367adb51ef8a8c2288e3e1ec4118319661340d", size = 12297397, upload-time = "2026-01-08T14:42:50.306Z" },
]

[[package]]
name = "colorama"
version = "0.4.6"
source = { registry = "https://pypi.org/simple" }
sdist = { url = "https://files.pythonhosted.org/packages/d8/53/6f443c9a4a8358a93a6792e2acffb9d9d5cb0a5cfd8802644b7b1c9a02e4/colorama-0.4.6.tar.gz", hash = "sha256:08695f5cb7ed6e0531a20572697297273c47b8cae5a63ffc6d6ed5c201be6e44", size = 27697, upload-time = "2022-10-25T02:36:22.414Z" }
wheels = [
    { url = "https://files.pythonhosted.org/packages/d1/d6/3965ed04c63042e047cb6a3e6ed1a63a35087b6a609aa3a15ed8ac56c221/colorama-0.4.6-py2.py3-none-any.whl", hash = "sha256:4f1d9991f5acc0ca119f9d443620b77f9d6b33703e51011c16baf57afb285fc6", size = 25335, upload-time = "2022-10-25T02:36:20.889Z" },
]

[[package]]
name = "filelock"
version = "3.19.1"
source = { registry = "https://pypi.org/simple" }
sdist = { url = "https://files.pythonhosted.org/packages/40/bb/0ab3e58d22305b6f5440629d20683af28959bf793d98d11950e305c1c326/filelock-3.19.1.tar.gz", hash = "sha256:66eda1888b0171c998b35be2bcc0f6d75c388a7ce20c3f3f37aa8e96c2dddf58", size = 17687, upload-time = "2025-08-14T16:56:03.016Z" }
wheels = [
    { url = "https://files.pythonhosted.org/packages/42/14/42b2651a2f46b022ccd948bca9f2d5af0fd8929c4eec235b8d6d844fbe67/filelock-3.19.1-py3-none-any.whl", hash = "sha256:d38e30481def20772f5baf097c122c3babc4fcdb7e14e57049eb9d88c6dc017d", size = 15988, upload-time = "2025-08-14T16:56:01.633Z" },
]

[[package]]
name = "hypothesis"
version = "6.150.1"
source = { registry = "https://pypi.org/simple" }
dependencies = [
    { name = "sortedcontainers" },
]
sdist = { url = "https://files.pythonhosted.org/packages/ad/4e/cd3a398b9834386a79f4eb777dc4004ca439c1019d324771ec8196fc8354/hypothesis-6.150.1.tar.gz", hash = "sha256:dc79672b3771e92e6563ca0c56a24135438f319b257a1a1982deb8fbb791be89", size = 474924, upload-time = "2026-01-12T08:45:45.416Z" }
wheels = [
    { url = "https://files.pythonhosted.org/packages/22/18/f43815244cd99b54d8ac9f44f9799bb7c0115e48e29bc7a1899c0589ee48/hypothesis-6.150.1-py3-none-any.whl", hash = "sha256:7badb28a0da323d6afaf25eae1c93932cb8ac06193355f5e080d6e6465a51da5", size = 542374, upload-time = "2026-01-12T08:45:41.854Z" },
]

[[package]]
name = "iniconfig"
version = "2.1.0"
source = { registry = "https://pypi.org/simple" }
sdist = { url = "https://files.pythonhosted.org/packages/f2/97/ebf4da567aa6827c909642694d71c9fcf53e5b504f2d96afea02718862f3/iniconfig-2.1.0.tar.gz", hash = "sha256:3abbd2e30b36733fee78f9c7f7308f2d0050e88f0087fd25c2645f63c773e1c7", size = 4793, upload-time = "2025-03-19T20:09:59.721Z" }
wheels = [
    { url = "https://files.pythonhosted.org/packages/2c/e1/e6716421ea10d38022b952c159d5161ca1193197fb744506875fbb87ea7b/iniconfig-2.1.0-py3-none-any.whl", hash = "sha256:9deba5723312380e77435581c6bf4935c94cbfab9b1ed33ef8d238ea168eb760", size = 6050, upload-time = "2025-03-19T20:10:01.071Z" },
]

[[package]]
name = "maturin"
version = "1.11.5"
source = { registry = "https://pypi.org/simple" }
sdist = { url = "https://files.pythonhosted.org/packages/a4/84/bfed8cc10e2d8b6656cf0f0ca6609218e6fcb45a62929f5094e1063570f7/maturin-1.11.5.tar.gz", hash = "sha256:7579cf47640fb9595a19fe83a742cbf63203f0343055c349c1cab39045a30c29", size = 226885, upload-time = "2026-01-09T11:06:13.801Z" }
wheels = [
    { url = "https://files.pythonhosted.org/packages/d2/6c/3443d2f8c6d4eae5fc7479cd4053542aff4c1a8566d0019d0612d241b15a/maturin-1.11.5-py3-none-linux_armv6l.whl", hash = "sha256:edd1d4d35050ea2b9ef42aa01e87fe019a1e822940346b35ccb973e0aa8f6d82", size = 8845897, upload-time = "2026-01-09T11:06:17.327Z" },
    { url = "https://files.pythonhosted.org/packages/c5/03/abf1826d8aebc0d47ef6d21bdd752d98d63ac4372ad2b115db9cd5176229/maturin-1.11.5-py3-none-macosx_10_12_x86_64.macosx_11_0_arm64.macosx_10_12_universal2.whl", hash = "sha256:2a596eab137cb3e169b97e89a739515abfa7a8755e2e5f0fc91432ef446f74f4", size = 17233855, upload-time = "2026-01-09T11:06:04.272Z" },
    { url = "https://files.pythonhosted.org/packages/90/a1/5ad62913271724035a7e4bcf796d7c95b4119317ae5f8cb034844aa99bc4/maturin-1.11.5-py3-none-macosx_10_12_x86_64.whl", hash = "sha256:1c27a2eb47821edf26c75d100b3150b52dca2c1a5f074d7514af06f7a7acb9d5", size = 8881776, upload-time = "2026-01-09T11:06:10.24Z" },
    { url = "https://files.pythonhosted.org/packages/c6/66/997974b44f8d3de641281ec04fbf5b6ca821bdc8291a2fa73305978db74d/maturin-1.11.5-py3-none-manylinux_2_12_i686.manylinux2010_i686.musllinux_1_1_i686.whl", hash = "sha256:f1320dacddcd3aa84a4bdfc77ee6fdb60e4c3835c853d7eb79c09473628b0498", size = 8870347, upload-time = "2026-01-09T11:06:12.178Z" },
    { url = "https://files.pythonhosted.org/packages/58/e0/c8fa042daf0608cc2e9a59b6df3a9e287bfc7f229136f17727f4118bac2d/maturin-1.11.5-py3-none-manylinux_2_12_x86_64.manylinux2010_x86_64.musllinux_1_1_x86_64.whl", hash = "sha256:ffe7418834ff3b4a6c987187b7abb85ba033f4733e089d77d84e2de87057b4e7", size = 9291396, upload-time = "2026-01-09T11:06:02.05Z" },
    { url = "https://files.pythonhosted.org/packages/99/af/9d3edc8375efc8d435d5f24794bc4de234d4e743447592da970d53b31361/maturin-1.11.5-py3-none-manylinux_2_17_aarch64.manylinux2014_aarch64.musllinux_1_1_aarch64.whl", hash = "sha256:c739b243d012386902f112ea63a54a94848932b70ae3565fa5e121fd1c0200e0", size = 8827831, upload-time = "2026-01-09T11:06:19.523Z" },
    { url = "https://files.pythonhosted.org/packages/8a/12/cc341f6abbf9005f90935a4ee5dc7b30e2df7d1bb90b96d48b756b2c0ee7/maturin-1.11.5-py3-none-manylinux_2_17_armv7l.manylinux2014_armv7l.musllinux_1_1_armv7l.whl", hash = "sha256:8127d2cd25950bacbcdc8a2ec6daab1d4d27200f7d73964392680ad64d27f7f0", size = 8718895, upload-time = "2026-01-09T11:06:21.617Z" },
    { url = "https://files.pythonhosted.org/packages/76/17/654a59c66287e287373f2a0086e4fc8a23f0545a81c2bd6e324db26a5801/maturin-1.11.5-py3-none-manylinux_2_17_ppc64le.manylinux2014_ppc64le.musllinux_1_1_ppc64le.whl", hash = "sha256:2a4e872fb78e77748217084ffeb59de565d08a86ccefdace054520aaa7b66db4", size = 11384741, upload-time = "2026-01-09T11:06:15.261Z" },
    { url = "https://files.pythonhosted.org/packages/2e/da/7118de648182971d723ea99d79c55007f96cdafc95f5322cc1ad15f6683e/maturin-1.11.5-py3-none-manylinux_2_17_s390x.manylinux2014_s390x.whl", hash = "sha256:2079447967819b5cf615e5b5b99a406d662effdc8d6afd493dcd253c6afc3707", size = 9423814, upload-time = "2026-01-09T11:05:57.242Z" },
    { url = "https://files.pythonhosted.org/packages/cf/8f/be14395c6e23b19ddaa0c171e68915bdcd1ef61ad1f411739c6721196903/maturin-1.11.5-py3-none-manylinux_2_31_riscv64.whl", hash = "sha256:50f6c668c1d5d4d4dc1c3ffec7b4270dab493e5b2368f8e4213f4bcde6a50eea", size = 9104378, upload-time = "2026-01-09T11:05:59.835Z" },
    { url = "https://files.pythonhosted.org/packages/77/83/53ea82a2f42a03930ea5545673d11a4ef49bb886827353a701f41a5f11c4/maturin-1.11.5-py3-none-win32.whl", hash = "sha256:49f85ce6cbe478e9743ecddd6da2964afc0ded57013aa4d054256be702d23d40", size = 7738696, upload-time = "2026-01-09T11:06:06.651Z" },
    { url = "https://files.pythonhosted.org/packages/3c/41/353a26d49aa80081c514a6354d429efbecedb90d0153ec598cece3baa607/maturin-1.11.5-py3-none-win_amd64.whl", hash = "sha256:70d3e5beffb9ef9dfae5f3c1a7eeb572091505eb8cb076e9434518df1c42a73b", size = 9029838, upload-time = "2026-01-09T11:05:54.543Z" },
    { url = "https://files.pythonhosted.org/packages/15/67/c94f8f5440bc42d54113a2d99de0d6107f06b5a33f31823e52b2715d856f/maturin-1.11.5-py3-none-win_arm64.whl", hash = "sha256:9348f7f0a346108e0c96e6719be91da4470bd43c15802435e9f4157f5cca43d4", size = 7624029, upload-time = "2026-01-09T11:06:08.728Z" },
]

[[package]]
name = "maturin-import-hook"
version = "0.3.0"
source = { registry = "https://pypi.org/simple" }
dependencies = [
    { name = "filelock" },
]
sdist = { url = "https://files.pythonhosted.org/packages/75/a1/3b007a4132265d5da19096d6835cd4c7e9908afb9156afb96d19ff190f39/maturin_import_hook-0.3.0.tar.gz", hash = "sha256:cdd51ce267663c437c4aea1bfd5f7ee5884b54a9d866ea924227d68d758bbba2", size = 30785, upload-time = "2025-06-08T15:43:57.801Z" }
wheels = [
    { url = "https://files.pythonhosted.org/packages/9f/55/0c17a1fccec90dffbb1d904d7ddb7971e4e95f994c6264637e8fe66a5b86/maturin_import_hook-0.3.0-py3-none-any.whl", hash = "sha256:f5d20b4bc3056d84170dc08fe655160421b28d2b5128b48f55312315cdbb2cfe", size = 30848, upload-time = "2025-06-08T15:43:56.298Z" },
]

[[package]]
name = "nodejs-wheel-binaries"
version = "22.20.0"
source = { registry = "https://pypi.org/simple" }
sdist = { url = "https://files.pythonhosted.org/packages/0f/54/02f58c8119e2f1984e2572cc77a7b469dbaf4f8d171ad376e305749ef48e/nodejs_wheel_binaries-22.20.0.tar.gz", hash = "sha256:a62d47c9fd9c32191dff65bbe60261504f26992a0a19fe8b4d523256a84bd351", size = 8058, upload-time = "2025-09-26T09:48:00.906Z" }
wheels = [
    { url = "https://files.pythonhosted.org/packages/24/6d/333e5458422f12318e3c3e6e7f194353aa68b0d633217c7e89833427ca01/nodejs_wheel_binaries-22.20.0-py2.py3-none-macosx_11_0_arm64.whl", hash = "sha256:455add5ac4f01c9c830ab6771dbfad0fdf373f9b040d3aabe8cca9b6c56654fb", size = 53246314, upload-time = "2025-09-26T09:47:32.536Z" },
    { url = "https://files.pythonhosted.org/packages/56/30/dcd6879d286a35b3c4c8f9e5e0e1bcf4f9e25fe35310fc77ecf97f915a23/nodejs_wheel_binaries-22.20.0-py2.py3-none-macosx_11_0_x86_64.whl", hash = "sha256:5d8c12f97eea7028b34a84446eb5ca81829d0c428dfb4e647e09ac617f4e21fa", size = 53644391, upload-time = "2025-09-26T09:47:36.093Z" },
    { url = "https://files.pythonhosted.org/packages/58/be/c7b2e7aa3bb281d380a1c531f84d0ccfe225832dfc3bed1ca171753b9630/nodejs_wheel_binaries-22.20.0-py2.py3-none-manylinux_2_17_aarch64.manylinux2014_aarch64.whl", hash = "sha256:7a2b0989194148f66e9295d8f11bc463bde02cbe276517f4d20a310fb84780ae", size = 60282516, upload-time = "2025-09-26T09:47:39.88Z" },
    { url = "https://files.pythonhosted.org/packages/3e/c5/8befacf4190e03babbae54cb0809fb1a76e1600ec3967ab8ee9f8fc85b65/nodejs_wheel_binaries-22.20.0-py2.py3-none-manylinux_2_17_x86_64.manylinux2014_x86_64.whl", hash = "sha256:b5c500aa4dc046333ecb0a80f183e069e5c30ce637f1c1a37166b2c0b642dc21", size = 60347290, upload-time = "2025-09-26T09:47:43.712Z" },
    { url = "https://files.pythonhosted.org/packages/c0/bd/cfffd1e334277afa0714962c6ec432b5fe339340a6bca2e5fa8e678e7590/nodejs_wheel_binaries-22.20.0-py2.py3-none-musllinux_1_2_aarch64.whl", hash = "sha256:3279eb1b99521f0d20a850bbfc0159a658e0e85b843b3cf31b090d7da9f10dfc", size = 62178798, upload-time = "2025-09-26T09:47:47.752Z" },
    { url = "https://files.pythonhosted.org/packages/08/14/10b83a9c02faac985b3e9f5e65d63a34fc0f46b48d8a2c3e4caa3e1e7318/nodejs_wheel_binaries-22.20.0-py2.py3-none-musllinux_1_2_x86_64.whl", hash = "sha256:d29705797b33bade62d79d8f106c2453c8a26442a9b2a5576610c0f7e7c351ed", size = 62772957, upload-time = "2025-09-26T09:47:51.266Z" },
    { url = "https://files.pythonhosted.org/packages/b4/a9/c6a480259aa0d6b270aac2c6ba73a97444b9267adde983a5b7e34f17e45a/nodejs_wheel_binaries-22.20.0-py2.py3-none-win_amd64.whl", hash = "sha256:4bd658962f24958503541963e5a6f2cc512a8cb301e48a69dc03c879f40a28ae", size = 40120431, upload-time = "2025-09-26T09:47:54.363Z" },
    { url = "https://files.pythonhosted.org/packages/42/b1/6a4eb2c6e9efa028074b0001b61008c9d202b6b46caee9e5d1b18c088216/nodejs_wheel_binaries-22.20.0-py2.py3-none-win_arm64.whl", hash = "sha256:1fccac931faa210d22b6962bcdbc99269d16221d831b9a118bbb80fe434a60b8", size = 38844133, upload-time = "2025-09-26T09:47:57.357Z" },
]

[[package]]
name = "packaging"
version = "25.0"
source = { registry = "https://pypi.org/simple" }
sdist = { url = "https://files.pythonhosted.org/packages/a1/d4/1fc4078c65507b51b96ca8f8c3ba19e6a61c8253c72794544580a7b6c24d/packaging-25.0.tar.gz", hash = "sha256:d443872c98d677bf60f6a1f2f8c1cb748e8fe762d2bf9d3148b5599295b0fc4f", size = 165727, upload-time = "2025-04-19T11:48:59.673Z" }
wheels = [
    { url = "https://files.pythonhosted.org/packages/20/12/38679034af332785aac8774540895e234f4d07f7545804097de4b666afd8/packaging-25.0-py3-none-any.whl", hash = "sha256:29572ef2b1f17581046b3a2227d5c611fb25ec70ca1ba8554b24b0e69331a484", size = 66469, upload-time = "2025-04-19T11:48:57.875Z" },
]

[[package]]
name = "pluggy"
version = "1.6.0"
source = { registry = "https://pypi.org/simple" }
sdist = { url = "https://files.pythonhosted.org/packages/f9/e2/3e91f31a7d2b083fe6ef3fa267035b518369d9511ffab804f839851d2779/pluggy-1.6.0.tar.gz", hash = "sha256:7dcc130b76258d33b90f61b658791dede3486c3e6bfb003ee5c9bfb396dd22f3", size = 69412, upload-time = "2025-05-15T12:30:07.975Z" }
wheels = [
    { url = "https://files.pythonhosted.org/packages/54/20/4d324d65cc6d9205fabedc306948156824eb9f0ee1633355a8f7ec5c66bf/pluggy-1.6.0-py3-none-any.whl", hash = "sha256:e920276dd6813095e9377c0bc5566d94c932c33b27a3e3945d8389c374dd4746", size = 20538, upload-time = "2025-05-15T12:30:06.134Z" },
]

[[package]]
name = "pygments"
version = "2.19.2"
source = { registry = "https://pypi.org/simple" }
sdist = { url = "https://files.pythonhosted.org/packages/b0/77/a5b8c569bf593b0140bde72ea885a803b82086995367bf2037de0159d924/pygments-2.19.2.tar.gz", hash = "sha256:636cb2477cec7f8952536970bc533bc43743542f70392ae026374600add5b887", size = 4968631, upload-time = "2025-06-21T13:39:12.283Z" }
wheels = [
    { url = "https://files.pythonhosted.org/packages/c7/21/705964c7812476f378728bdf590ca4b771ec72385c533964653c68e86bdc/pygments-2.19.2-py3-none-any.whl", hash = "sha256:86540386c03d588bb81d44bc3928634ff26449851e99741617ecb9037ee5ec0b", size = 1225217, upload-time = "2025-06-21T13:39:07.939Z" },
]

[[package]]
name = "pytest"
version = "9.0.2"
source = { registry = "https://pypi.org/simple" }
dependencies = [
    { name = "colorama", marker = "sys_platform == 'win32'" },
    { name = "iniconfig" },
    { name = "packaging" },
    { name = "pluggy" },
    { name = "pygments" },
]
sdist = { url = "https://files.pythonhosted.org/packages/d1/db/7ef3487e0fb0049ddb5ce41d3a49c235bf9ad299b6a25d5780a89f19230f/pytest-9.0.2.tar.gz", hash = "sha256:75186651a92bd89611d1d9fc20f0b4345fd827c41ccd5c299a868a05d70edf11", size = 1568901, upload-time = "2025-12-06T21:30:51.014Z" }
wheels = [
    { url = "https://files.pythonhosted.org/packages/3b/ab/b3226f0bd7cdcf710fbede2b3548584366da3b19b5021e74f5bde2a8fa3f/pytest-9.0.2-py3-none-any.whl", hash = "sha256:711ffd45bf766d5264d487b917733b453d917afd2b0ad65223959f59089f875b", size = 374801, upload-time = "2025-12-06T21:30:49.154Z" },
]

[[package]]
name = "ruff"
version = "0.14.11"
source = { registry = "https://pypi.org/simple" }
sdist = { url = "https://files.pythonhosted.org/packages/d4/77/9a7fe084d268f8855d493e5031ea03fa0af8cc05887f638bf1c4e3363eb8/ruff-0.14.11.tar.gz", hash = "sha256:f6dc463bfa5c07a59b1ff2c3b9767373e541346ea105503b4c0369c520a66958", size = 5993417, upload-time = "2026-01-08T19:11:58.322Z" }
wheels = [
    { url = "https://files.pythonhosted.org/packages/f0/a6/a4c40a5aaa7e331f245d2dc1ac8ece306681f52b636b40ef87c88b9f7afd/ruff-0.14.11-py3-none-linux_armv6l.whl", hash = "sha256:f6ff2d95cbd335841a7217bdfd9c1d2e44eac2c584197ab1385579d55ff8830e", size = 12951208, upload-time = "2026-01-08T19:12:09.218Z" },
    { url = "https://files.pythonhosted.org/packages/5c/5c/360a35cb7204b328b685d3129c08aca24765ff92b5a7efedbdd6c150d555/ruff-0.14.11-py3-none-macosx_10_12_x86_64.whl", hash = "sha256:6f6eb5c1c8033680f4172ea9c8d3706c156223010b8b97b05e82c59bdc774ee6", size = 13330075, upload-time = "2026-01-08T19:12:02.549Z" },
    { url = "https://files.pythonhosted.org/packages/1b/9e/0cc2f1be7a7d33cae541824cf3f95b4ff40d03557b575912b5b70273c9ec/ruff-0.14.11-py3-none-macosx_11_0_arm64.whl", hash = "sha256:f2fc34cc896f90080fca01259f96c566f74069a04b25b6205d55379d12a6855e", size = 12257809, upload-time = "2026-01-08T19:12:00.366Z" },
    { url = "https://files.pythonhosted.org/packages/a7/e5/5faab97c15bb75228d9f74637e775d26ac703cc2b4898564c01ab3637c02/ruff-0.14.11-py3-none-manylinux_2_17_aarch64.manylinux2014_aarch64.whl", hash = "sha256:53386375001773ae812b43205d6064dae49ff0968774e6befe16a994fc233caa", size = 12678447, upload-time = "2026-01-08T19:12:13.899Z" },
    { url = "https://files.pythonhosted.org/packages/1b/33/e9767f60a2bef779fb5855cab0af76c488e0ce90f7bb7b8a45c8a2ba4178/ruff-0.14.11-py3-none-manylinux_2_17_armv7l.manylinux2014_armv7l.whl", hash = "sha256:a697737dce1ca97a0a55b5ff0434ee7205943d4874d638fe3ae66166ff46edbe", size = 12758560, upload-time = "2026-01-08T19:11:42.55Z" },
    { url = "https://files.pythonhosted.org/packages/eb/84/4c6cf627a21462bb5102f7be2a320b084228ff26e105510cd2255ea868e5/ruff-0.14.11-py3-none-manylinux_2_17_i686.manylinux2014_i686.whl", hash = "sha256:6845ca1da8ab81ab1dce755a32ad13f1db72e7fba27c486d5d90d65e04d17b8f", size = 13599296, upload-time = "2026-01-08T19:11:30.371Z" },
    { url = "https://files.pythonhosted.org/packages/88/e1/92b5ed7ea66d849f6157e695dc23d5d6d982bd6aa8d077895652c38a7cae/ruff-0.14.11-py3-none-manylinux_2_17_ppc64.manylinux2014_ppc64.whl", hash = "sha256:e36ce2fd31b54065ec6f76cb08d60159e1b32bdf08507862e32f47e6dde8bcbf", size = 15048981, upload-time = "2026-01-08T19:12:04.742Z" },
    { url = "https://files.pythonhosted.org/packages/61/df/c1bd30992615ac17c2fb64b8a7376ca22c04a70555b5d05b8f717163cf9f/ruff-0.14.11-py3-none-manylinux_2_17_ppc64le.manylinux2014_ppc64le.whl", hash = "sha256:590bcc0e2097ecf74e62a5c10a6b71f008ad82eb97b0a0079e85defe19fe74d9", size = 14633183, upload-time = "2026-01-08T19:11:40.069Z" },
    { url = "https://files.pythonhosted.org/packages/04/e9/fe552902f25013dd28a5428a42347d9ad20c4b534834a325a28305747d64/ruff-0.14.11-py3-none-manylinux_2_17_s390x.manylinux2014_s390x.whl", hash = "sha256:53fe71125fc158210d57fe4da26e622c9c294022988d08d9347ec1cf782adafe", size = 14050453, upload-time = "2026-01-08T19:11:37.555Z" },
    { url = "https://files.pythonhosted.org/packages/ae/93/f36d89fa021543187f98991609ce6e47e24f35f008dfe1af01379d248a41/ruff-0.14.11-py3-none-manylinux_2_17_x86_64.manylinux2014_x86_64.whl", hash = "sha256:a35c9da08562f1598ded8470fcfef2afb5cf881996e6c0a502ceb61f4bc9c8a3", size = 13757889, upload-time = "2026-01-08T19:12:07.094Z" },
    { url = "https://files.pythonhosted.org/packages/b7/9f/c7fb6ecf554f28709a6a1f2a7f74750d400979e8cd47ed29feeaa1bd4db8/ruff-0.14.11-py3-none-manylinux_2_31_riscv64.whl", hash = "sha256:0f3727189a52179393ecf92ec7057c2210203e6af2676f08d92140d3e1ee72c1", size = 13955832, upload-time = "2026-01-08T19:11:55.064Z" },
    { url = "https://files.pythonhosted.org/packages/db/a0/153315310f250f76900a98278cf878c64dfb6d044e184491dd3289796734/ruff-0.14.11-py3-none-musllinux_1_2_aarch64.whl", hash = "sha256:eb09f849bd37147a789b85995ff734a6c4a095bed5fd1608c4f56afc3634cde2", size = 12586522, upload-time = "2026-01-08T19:11:35.356Z" },
    { url = "https://files.pythonhosted.org/packages/2f/2b/a73a2b6e6d2df1d74bf2b78098be1572191e54bec0e59e29382d13c3adc5/ruff-0.14.11-py3-none-musllinux_1_2_armv7l.whl", hash = "sha256:c61782543c1231bf71041461c1f28c64b961d457d0f238ac388e2ab173d7ecb7", size = 12724637, upload-time = "2026-01-08T19:11:47.796Z" },
    { url = "https://files.pythonhosted.org/packages/f0/41/09100590320394401cd3c48fc718a8ba71c7ddb1ffd07e0ad6576b3a3df2/ruff-0.14.11-py3-none-musllinux_1_2_i686.whl", hash = "sha256:82ff352ea68fb6766140381748e1f67f83c39860b6446966cff48a315c3e2491", size = 13145837, upload-time = "2026-01-08T19:11:32.87Z" },
    { url = "https://files.pythonhosted.org/packages/3b/d8/e035db859d1d3edf909381eb8ff3e89a672d6572e9454093538fe6f164b0/ruff-0.14.11-py3-none-musllinux_1_2_x86_64.whl", hash = "sha256:728e56879df4ca5b62a9dde2dd0eb0edda2a55160c0ea28c4025f18c03f86984", size = 13850469, upload-time = "2026-01-08T19:12:11.694Z" },
    { url = "https://files.pythonhosted.org/packages/4e/02/bb3ff8b6e6d02ce9e3740f4c17dfbbfb55f34c789c139e9cd91985f356c7/ruff-0.14.11-py3-none-win32.whl", hash = "sha256:337c5dd11f16ee52ae217757d9b82a26400be7efac883e9e852646f1557ed841", size = 12851094, upload-time = "2026-01-08T19:11:45.163Z" },
    { url = "https://files.pythonhosted.org/packages/58/f1/90ddc533918d3a2ad628bc3044cdfc094949e6d4b929220c3f0eb8a1c998/ruff-0.14.11-py3-none-win_amd64.whl", hash = "sha256:f981cea63d08456b2c070e64b79cb62f951aa1305282974d4d5216e6e0178ae6", size = 14001379, upload-time = "2026-01-08T19:11:52.591Z" },
    { url = "https://files.pythonhosted.org/packages/c4/1c/1dbe51782c0e1e9cfce1d1004752672d2d4629ea46945d19d731ad772b3b/ruff-0.14.11-py3-none-win_arm64.whl", hash = "sha256:649fb6c9edd7f751db276ef42df1f3df41c38d67d199570ae2a7bd6cbc3590f0", size = 12938644, upload-time = "2026-01-08T19:11:50.027Z" },
]

[[package]]
name = "sortedcontainers"
version = "2.4.0"
source = { registry = "https://pypi.org/simple" }
sdist = { url = "https://files.pythonhosted.org/packages/e8/c4/ba2f8066cceb6f23394729afe52f3bf7adec04bf9ed2c820b39e19299111/sortedcontainers-2.4.0.tar.gz", hash = "sha256:25caa5a06cc30b6b83d11423433f65d1f9d76c4c6a0c90e3379eaa43b9bfdb88", size = 30594, upload-time = "2021-05-16T22:03:42.897Z" }
wheels = [
    { url = "https://files.pythonhosted.org/packages/32/46/9cb0e58b2deb7f82b84065f37f3bffeb12413f947f9388e4cac22c4621ce/sortedcontainers-2.4.0-py2.py3-none-any.whl", hash = "sha256:a163dcaede0f1c021485e957a39245190e74249897e2ae4b2aa38595db237ee0", size = 29575, upload-time = "2021-05-16T22:03:41.177Z" },
]

[[package]]
name = "symset"
version = "0.0.1.dev0"
source = { editable = "." }

[package.dev-dependencies]
dev = [
    { name = "basedpyright" },
    { name = "hypothesis" },
    { name = "maturin" },
    { name = "maturin-import-hook" },
    { name = "pytest" },
    { name = "ruff" },
]

[package.metadata]

[package.metadata.requires-dev]
dev = [
    { name = "basedpyright", specifier = ">=1.31.6" },
    { name = "hypothesis", specifier = ">=6.140.3" },
    { name = "maturin", specifier = ">=1.9.6" },
    { name = "maturin-import-hook", specifier = ">=0.3.0" },
    { name = "pytest", specifier = ">=8.4.2" },
    { name = "ruff", specifier = ">=0.14.0" },
]
