version = 1
revision = 3
requires-python = ">=3.11"

[[package]]
name = "basedpyright"
version = "1.36.1"
source = { registry = "https://pypi.org/simple" }
dependencies = [
    { name = "nodejs-wheel-binaries" },
]
sdist = { url = "https://files.pythonhosted.org/packages/32/29/d42d543a1637e692ac557bfc6d6fcf50e9a7061c1cb4da403378d6a70453/basedpyright-1.36.1.tar.gz", hash = "sha256:20c9a24e2a4c95d5b6d46c78a6b6c7e3dc7cbba227125256431d47c595b15fd4", size = 22834851, upload-time = "2025-12-11T14:55:47.463Z" }
wheels = [
    { url = "https://files.pythonhosted.org/packages/c0/7f/f0133313bffa303d32aa74468981eb6b2da7fadda6247c9aa0aeab8391b1/basedpyright-1.36.1-py3-none-any.whl", hash = "sha256:3d738484fe9681cdfe35dd98261f30a9a7aec64208bc91f8773a9aaa9b89dd16", size = 11881725, upload-time = "2025-12-11T14:55:43.805Z" },
]

[[package]]
name = "colorama"
version = "0.4.6"
source = { registry = "https://pypi.org/simple" }
sdist = { url = "https://files.pythonhosted.org/packages/d8/53/6f443c9a4a8358a93a6792e2acffb9d9d5cb0a5cfd8802644b7b1c9a02e4/colorama-0.4.6.tar.gz", hash = "sha256:08695f5cb7ed6e0531a20572697297273c47b8cae5a63ffc6d6ed5c201be6e44", size = 27697, upload-time = "2022-10-25T02:36:22.414Z" }
wheels = [
    { url = "https://files.pythonhosted.org/packages/d1/d6/3965ed04c63042e047cb6a3e6ed1a63a35087b6a609aa3a15ed8ac56c221/colorama-0.4.6-py2.py3-none-any.whl", hash = "sha256:4f1d9991f5acc0ca119f9d443620b77f9d6b33703e51011c16baf57afb285fc6", size = 25335, upload-time = "2022-10-25T02:36:20.889Z" },
]

[[package]]
name = "filelock"
version = "3.19.1"
source = { registry = "https://pypi.org/simple" }
sdist = { url = "https://files.pythonhosted.org/packages/40/bb/0ab3e58d22305b6f5440629d20683af28959bf793d98d11950e305c1c326/filelock-3.19.1.tar.gz", hash = "sha256:66eda1888b0171c998b35be2bcc0f6d75c388a7ce20c3f3f37aa8e96c2dddf58", size = 17687, upload-time = "2025-08-14T16:56:03.016Z" }
wheels = [
    { url = "https://files.pythonhosted.org/packages/42/14/42b2651a2f46b022ccd948bca9f2d5af0fd8929c4eec235b8d6d844fbe67/filelock-3.19.1-py3-none-any.whl", hash = "sha256:d38e30481def20772f5baf097c122c3babc4fcdb7e14e57049eb9d88c6dc017d", size = 15988, upload-time = "2025-08-14T16:56:01.633Z" },
]

[[package]]
name = "hypothesis"
version = "6.148.7"
source = { registry = "https://pypi.org/simple" }
dependencies = [
    { name = "sortedcontainers" },
]
sdist = { url = "https://files.pythonhosted.org/packages/09/5e/6a506e81d4dfefed2e838b6beaaae87b2e411dda3da0a3abf94099f194ae/hypothesis-6.148.7.tar.gz", hash = "sha256:b96e817e715c5b1a278411e3b9baf6d599d5b12207ba25e41a8f066929f6c2a6", size = 471199, upload-time = "2025-12-05T02:12:38.068Z" }
wheels = [
    { url = "https://files.pythonhosted.org/packages/e9/55/fa5607e4a4af96dfa0e7efd81bbd130735cedd21aac70b25e06191bff92f/hypothesis-6.148.7-py3-none-any.whl", hash = "sha256:94dbd58ebf259afa3bafb1d3bf5761ac1bde6f1477de494798cbf7960aabbdee", size = 538127, upload-time = "2025-12-05T02:12:35.54Z" },
]

[[package]]
name = "iniconfig"
version = "2.1.0"
source = { registry = "https://pypi.org/simple" }
sdist = { url = "https://files.pythonhosted.org/packages/f2/97/ebf4da567aa6827c909642694d71c9fcf53e5b504f2d96afea02718862f3/iniconfig-2.1.0.tar.gz", hash = "sha256:3abbd2e30b36733fee78f9c7f7308f2d0050e88f0087fd25c2645f63c773e1c7", size = 4793, upload-time = "2025-03-19T20:09:59.721Z" }
wheels = [
    { url = "https://files.pythonhosted.org/packages/2c/e1/e6716421ea10d38022b952c159d5161ca1193197fb744506875fbb87ea7b/iniconfig-2.1.0-py3-none-any.whl", hash = "sha256:9deba5723312380e77435581c6bf4935c94cbfab9b1ed33ef8d238ea168eb760", size = 6050, upload-time = "2025-03-19T20:10:01.071Z" },
]

[[package]]
name = "maturin"
version = "1.10.2"
source = { registry = "https://pypi.org/simple" }
sdist = { url = "https://files.pythonhosted.org/packages/02/44/c593afce7d418ae6016b955c978055232359ad28c707a9ac6643fc60512d/maturin-1.10.2.tar.gz", hash = "sha256:259292563da89850bf8f7d37aa4ddba22905214c1e180b1c8f55505dfd8c0e81", size = 217835, upload-time = "2025-11-19T11:53:17.348Z" }
wheels = [
    { url = "https://files.pythonhosted.org/packages/15/74/7f7e93019bb71aa072a7cdf951cbe4c9a8d5870dd86c66ec67002153487f/maturin-1.10.2-py3-none-linux_armv6l.whl", hash = "sha256:11c73815f21a755d2129c410e6cb19dbfacbc0155bfc46c706b69930c2eb794b", size = 8763201, upload-time = "2025-11-19T11:52:42.98Z" },
    { url = "https://files.pythonhosted.org/packages/4a/85/1d1b64dbb6518ee633bfde8787e251ae59428818fea7a6bdacb8008a09bd/maturin-1.10.2-py3-none-macosx_10_12_x86_64.macosx_11_0_arm64.macosx_10_12_universal2.whl", hash = "sha256:7fbd997c5347649ee7987bd05a92bd5b8b07efa4ac3f8bcbf6196e07eb573d89", size = 17072583, upload-time = "2025-11-19T11:52:45.636Z" },
    { url = "https://files.pythonhosted.org/packages/7c/45/2418f0d6e1cbdf890205d1dc73ebea6778bb9ce80f92e866576c701ded72/maturin-1.10.2-py3-none-macosx_10_12_x86_64.whl", hash = "sha256:e3ce9b2ad4fb9c341f450a6d32dc3edb409a2d582a81bc46ba55f6e3b6196b22", size = 8827021, upload-time = "2025-11-19T11:52:48.143Z" },
    { url = "https://files.pythonhosted.org/packages/7f/83/14c96ddc93b38745d8c3b85126f7d78a94f809a49dc9644bb22b0dc7b78c/maturin-1.10.2-py3-none-manylinux_2_12_i686.manylinux2010_i686.musllinux_1_1_i686.whl", hash = "sha256:f0d1b7b5f73c8d30a7e71cd2a2189a7f0126a3a3cd8b3d6843e7e1d4db50f759", size = 8751780, upload-time = "2025-11-19T11:52:51.613Z" },
    { url = "https://files.pythonhosted.org/packages/46/8d/753148c0d0472acd31a297f6d11c3263cd2668d38278ed29d523625f7290/maturin-1.10.2-py3-none-manylinux_2_12_x86_64.manylinux2010_x86_64.musllinux_1_1_x86_64.whl", hash = "sha256:efcd496a3202ffe0d0489df1f83d08b91399782fb2dd545d5a1e7bf6fd81af39", size = 9241884, upload-time = "2025-11-19T11:52:53.946Z" },
    { url = "https://files.pythonhosted.org/packages/b9/f9/f5ca9fe8cad70cac6f3b6008598cc708f8a74dd619baced99784a6253f23/maturin-1.10.2-py3-none-manylinux_2_17_aarch64.manylinux2014_aarch64.musllinux_1_1_aarch64.whl", hash = "sha256:a41ec70d99e27c05377be90f8e3c3def2a7bae4d0d9d5ea874aaf2d1da625d5c", size = 8671736, upload-time = "2025-11-19T11:52:57.133Z" },
    { url = "https://files.pythonhosted.org/packages/0a/76/f59cbcfcabef0259c3971f8b5754c85276a272028d8363386b03ec4e9947/maturin-1.10.2-py3-none-manylinux_2_17_armv7l.manylinux2014_armv7l.musllinux_1_1_armv7l.whl", hash = "sha256:07a82864352feeaf2167247c8206937ef6c6ae9533025d416b7004ade0ea601d", size = 8633475, upload-time = "2025-11-19T11:53:00.389Z" },
    { url = "https://files.pythonhosted.org/packages/53/40/96cd959ad1dda6c12301860a74afece200a3209d84b393beedd5d7d915c0/maturin-1.10.2-py3-none-manylinux_2_17_ppc64le.manylinux2014_ppc64le.musllinux_1_1_ppc64le.whl", hash = "sha256:04df81ee295dcda37828bd025a4ac688ea856e3946e4cb300a8f44a448de0069", size = 11177118, upload-time = "2025-11-19T11:53:03.014Z" },
    { url = "https://files.pythonhosted.org/packages/e5/b6/144f180f36314be183f5237011528f0e39fe5fd2e74e65c3b44a5795971e/maturin-1.10.2-py3-none-manylinux_2_17_s390x.manylinux2014_s390x.whl", hash = "sha256:96e1d391e4c1fa87edf2a37e4d53d5f2e5f39dd880b9d8306ac9f8eb212d23f8", size = 9320218, upload-time = "2025-11-19T11:53:05.39Z" },
    { url = "https://files.pythonhosted.org/packages/eb/2d/2c483c1b3118e2e10fd8219d5291843f5f7c12284113251bf506144a3ac1/maturin-1.10.2-py3-none-manylinux_2_31_riscv64.whl", hash = "sha256:a217aa7c42aa332fb8e8377eb07314e1f02cf0fe036f614aca4575121952addd", size = 8985266, upload-time = "2025-11-19T11:53:07.618Z" },
    { url = "https://files.pythonhosted.org/packages/1d/98/1d0222521e112cd058b56e8d96c72cf9615f799e3b557adb4b16004f42aa/maturin-1.10.2-py3-none-win32.whl", hash = "sha256:da031771d9fb6ddb1d373638ec2556feee29e4507365cd5749a2d354bcadd818", size = 7667897, upload-time = "2025-11-19T11:53:10.14Z" },
    { url = "https://files.pythonhosted.org/packages/a0/ec/c6c973b1def0d04533620b439d5d7aebb257657ba66710885394514c8045/maturin-1.10.2-py3-none-win_amd64.whl", hash = "sha256:da777766fd584440dc9fecd30059a94f85e4983f58b09e438ae38ee4b494024c", size = 8908416, upload-time = "2025-11-19T11:53:12.862Z" },
    { url = "https://files.pythonhosted.org/packages/1b/01/7da60c9f7d5dc92dfa5e8888239fd0fb2613ee19e44e6db5c2ed5595fab3/maturin-1.10.2-py3-none-win_arm64.whl", hash = "sha256:a4c29a770ea2c76082e0afc6d4efd8ee94405588bfae00d10828f72e206c739b", size = 7506680, upload-time = "2025-11-19T11:53:15.403Z" },
]

[[package]]
name = "maturin-import-hook"
version = "0.3.0"
source = { registry = "https://pypi.org/simple" }
dependencies = [
    { name = "filelock" },
]
sdist = { url = "https://files.pythonhosted.org/packages/75/a1/3b007a4132265d5da19096d6835cd4c7e9908afb9156afb96d19ff190f39/maturin_import_hook-0.3.0.tar.gz", hash = "sha256:cdd51ce267663c437c4aea1bfd5f7ee5884b54a9d866ea924227d68d758bbba2", size = 30785, upload-time = "2025-06-08T15:43:57.801Z" }
wheels = [
    { url = "https://files.pythonhosted.org/packages/9f/55/0c17a1fccec90dffbb1d904d7ddb7971e4e95f994c6264637e8fe66a5b86/maturin_import_hook-0.3.0-py3-none-any.whl", hash = "sha256:f5d20b4bc3056d84170dc08fe655160421b28d2b5128b48f55312315cdbb2cfe", size = 30848, upload-time = "2025-06-08T15:43:56.298Z" },
]

[[package]]
name = "nodejs-wheel-binaries"
version = "22.20.0"
source = { registry = "https://pypi.org/simple" }
sdist = { url = "https://files.pythonhosted.org/packages/0f/54/02f58c8119e2f1984e2572cc77a7b469dbaf4f8d171ad376e305749ef48e/nodejs_wheel_binaries-22.20.0.tar.gz", hash = "sha256:a62d47c9fd9c32191dff65bbe60261504f26992a0a19fe8b4d523256a84bd351", size = 8058, upload-time = "2025-09-26T09:48:00.906Z" }
wheels = [
    { url = "https://files.pythonhosted.org/packages/24/6d/333e5458422f12318e3c3e6e7f194353aa68b0d633217c7e89833427ca01/nodejs_wheel_binaries-22.20.0-py2.py3-none-macosx_11_0_arm64.whl", hash = "sha256:455add5ac4f01c9c830ab6771dbfad0fdf373f9b040d3aabe8cca9b6c56654fb", size = 53246314, upload-time = "2025-09-26T09:47:32.536Z" },
    { url = "https://files.pythonhosted.org/packages/56/30/dcd6879d286a35b3c4c8f9e5e0e1bcf4f9e25fe35310fc77ecf97f915a23/nodejs_wheel_binaries-22.20.0-py2.py3-none-macosx_11_0_x86_64.whl", hash = "sha256:5d8c12f97eea7028b34a84446eb5ca81829d0c428dfb4e647e09ac617f4e21fa", size = 53644391, upload-time = "2025-09-26T09:47:36.093Z" },
    { url = "https://files.pythonhosted.org/packages/58/be/c7b2e7aa3bb281d380a1c531f84d0ccfe225832dfc3bed1ca171753b9630/nodejs_wheel_binaries-22.20.0-py2.py3-none-manylinux_2_17_aarch64.manylinux2014_aarch64.whl", hash = "sha256:7a2b0989194148f66e9295d8f11bc463bde02cbe276517f4d20a310fb84780ae", size = 60282516, upload-time = "2025-09-26T09:47:39.88Z" },
    { url = "https://files.pythonhosted.org/packages/3e/c5/8befacf4190e03babbae54cb0809fb1a76e1600ec3967ab8ee9f8fc85b65/nodejs_wheel_binaries-22.20.0-py2.py3-none-manylinux_2_17_x86_64.manylinux2014_x86_64.whl", hash = "sha256:b5c500aa4dc046333ecb0a80f183e069e5c30ce637f1c1a37166b2c0b642dc21", size = 60347290, upload-time = "2025-09-26T09:47:43.712Z" },
    { url = "https://files.pythonhosted.org/packages/c0/bd/cfffd1e334277afa0714962c6ec432b5fe339340a6bca2e5fa8e678e7590/nodejs_wheel_binaries-22.20.0-py2.py3-none-musllinux_1_2_aarch64.whl", hash = "sha256:3279eb1b99521f0d20a850bbfc0159a658e0e85b843b3cf31b090d7da9f10dfc", size = 62178798, upload-time = "2025-09-26T09:47:47.752Z" },
    { url = "https://files.pythonhosted.org/packages/08/14/10b83a9c02faac985b3e9f5e65d63a34fc0f46b48d8a2c3e4caa3e1e7318/nodejs_wheel_binaries-22.20.0-py2.py3-none-musllinux_1_2_x86_64.whl", hash = "sha256:d29705797b33bade62d79d8f106c2453c8a26442a9b2a5576610c0f7e7c351ed", size = 62772957, upload-time = "2025-09-26T09:47:51.266Z" },
    { url = "https://files.pythonhosted.org/packages/b4/a9/c6a480259aa0d6b270aac2c6ba73a97444b9267adde983a5b7e34f17e45a/nodejs_wheel_binaries-22.20.0-py2.py3-none-win_amd64.whl", hash = "sha256:4bd658962f24958503541963e5a6f2cc512a8cb301e48a69dc03c879f40a28ae", size = 40120431, upload-time = "2025-09-26T09:47:54.363Z" },
    { url = "https://files.pythonhosted.org/packages/42/b1/6a4eb2c6e9efa028074b0001b61008c9d202b6b46caee9e5d1b18c088216/nodejs_wheel_binaries-22.20.0-py2.py3-none-win_arm64.whl", hash = "sha256:1fccac931faa210d22b6962bcdbc99269d16221d831b9a118bbb80fe434a60b8", size = 38844133, upload-time = "2025-09-26T09:47:57.357Z" },
]

[[package]]
name = "packaging"
version = "25.0"
source = { registry = "https://pypi.org/simple" }
sdist = { url = "https://files.pythonhosted.org/packages/a1/d4/1fc4078c65507b51b96ca8f8c3ba19e6a61c8253c72794544580a7b6c24d/packaging-25.0.tar.gz", hash = "sha256:d443872c98d677bf60f6a1f2f8c1cb748e8fe762d2bf9d3148b5599295b0fc4f", size = 165727, upload-time = "2025-04-19T11:48:59.673Z" }
wheels = [
    { url = "https://files.pythonhosted.org/packages/20/12/38679034af332785aac8774540895e234f4d07f7545804097de4b666afd8/packaging-25.0-py3-none-any.whl", hash = "sha256:29572ef2b1f17581046b3a2227d5c611fb25ec70ca1ba8554b24b0e69331a484", size = 66469, upload-time = "2025-04-19T11:48:57.875Z" },
]

[[package]]
name = "pluggy"
version = "1.6.0"
source = { registry = "https://pypi.org/simple" }
sdist = { url = "https://files.pythonhosted.org/packages/f9/e2/3e91f31a7d2b083fe6ef3fa267035b518369d9511ffab804f839851d2779/pluggy-1.6.0.tar.gz", hash = "sha256:7dcc130b76258d33b90f61b658791dede3486c3e6bfb003ee5c9bfb396dd22f3", size = 69412, upload-time = "2025-05-15T12:30:07.975Z" }
wheels = [
    { url = "https://files.pythonhosted.org/packages/54/20/4d324d65cc6d9205fabedc306948156824eb9f0ee1633355a8f7ec5c66bf/pluggy-1.6.0-py3-none-any.whl", hash = "sha256:e920276dd6813095e9377c0bc5566d94c932c33b27a3e3945d8389c374dd4746", size = 20538, upload-time = "2025-05-15T12:30:06.134Z" },
]

[[package]]
name = "pygments"
version = "2.19.2"
source = { registry = "https://pypi.org/simple" }
sdist = { url = "https://files.pythonhosted.org/packages/b0/77/a5b8c569bf593b0140bde72ea885a803b82086995367bf2037de0159d924/pygments-2.19.2.tar.gz", hash = "sha256:636cb2477cec7f8952536970bc533bc43743542f70392ae026374600add5b887", size = 4968631, upload-time = "2025-06-21T13:39:12.283Z" }
wheels = [
    { url = "https://files.pythonhosted.org/packages/c7/21/705964c7812476f378728bdf590ca4b771ec72385c533964653c68e86bdc/pygments-2.19.2-py3-none-any.whl", hash = "sha256:86540386c03d588bb81d44bc3928634ff26449851e99741617ecb9037ee5ec0b", size = 1225217, upload-time = "2025-06-21T13:39:07.939Z" },
]

[[package]]
name = "pytest"
version = "9.0.2"
source = { registry = "https://pypi.org/simple" }
dependencies = [
    { name = "colorama", marker = "sys_platform == 'win32'" },
    { name = "iniconfig" },
    { name = "packaging" },
    { name = "pluggy" },
    { name = "pygments" },
]
sdist = { url = "https://files.pythonhosted.org/packages/d1/db/7ef3487e0fb0049ddb5ce41d3a49c235bf9ad299b6a25d5780a89f19230f/pytest-9.0.2.tar.gz", hash = "sha256:75186651a92bd89611d1d9fc20f0b4345fd827c41ccd5c299a868a05d70edf11", size = 1568901, upload-time = "2025-12-06T21:30:51.014Z" }
wheels = [
    { url = "https://files.pythonhosted.org/packages/3b/ab/b3226f0bd7cdcf710fbede2b3548584366da3b19b5021e74f5bde2a8fa3f/pytest-9.0.2-py3-none-any.whl", hash = "sha256:711ffd45bf766d5264d487b917733b453d917afd2b0ad65223959f59089f875b", size = 374801, upload-time = "2025-12-06T21:30:49.154Z" },
]

[[package]]
name = "ruff"
version = "0.14.9"
source = { registry = "https://pypi.org/simple" }
sdist = { url = "https://files.pythonhosted.org/packages/f6/1b/ab712a9d5044435be8e9a2beb17cbfa4c241aa9b5e4413febac2a8b79ef2/ruff-0.14.9.tar.gz", hash = "sha256:35f85b25dd586381c0cc053f48826109384c81c00ad7ef1bd977bfcc28119d5b", size = 5809165, upload-time = "2025-12-11T21:39:47.381Z" }
wheels = [
    { url = "https://files.pythonhosted.org/packages/b8/1c/d1b1bba22cffec02351c78ab9ed4f7d7391876e12720298448b29b7229c1/ruff-0.14.9-py3-none-linux_armv6l.whl", hash = "sha256:f1ec5de1ce150ca6e43691f4a9ef5c04574ad9ca35c8b3b0e18877314aba7e75", size = 13576541, upload-time = "2025-12-11T21:39:14.806Z" },
    { url = "https://files.pythonhosted.org/packages/94/ab/ffe580e6ea1fca67f6337b0af59fc7e683344a43642d2d55d251ff83ceae/ruff-0.14.9-py3-none-macosx_10_12_x86_64.whl", hash = "sha256:ed9d7417a299fc6030b4f26333bf1117ed82a61ea91238558c0268c14e00d0c2", size = 13779363, upload-time = "2025-12-11T21:39:20.29Z" },
    { url = "https://files.pythonhosted.org/packages/7d/f8/2be49047f929d6965401855461e697ab185e1a6a683d914c5c19c7962d9e/ruff-0.14.9-py3-none-macosx_11_0_arm64.whl", hash = "sha256:d5dc3473c3f0e4a1008d0ef1d75cee24a48e254c8bed3a7afdd2b4392657ed2c", size = 12925292, upload-time = "2025-12-11T21:39:38.757Z" },
    { url = "https://files.pythonhosted.org/packages/9e/e9/08840ff5127916bb989c86f18924fd568938b06f58b60e206176f327c0fe/ruff-0.14.9-py3-none-manylinux_2_17_aarch64.manylinux2014_aarch64.whl", hash = "sha256:84bf7c698fc8f3cb8278830fb6b5a47f9bcc1ed8cb4f689b9dd02698fa840697", size = 13362894, upload-time = "2025-12-11T21:39:02.524Z" },
    { url = "https://files.pythonhosted.org/packages/31/1c/5b4e8e7750613ef43390bb58658eaf1d862c0cc3352d139cd718a2cea164/ruff-0.14.9-py3-none-manylinux_2_17_armv7l.manylinux2014_armv7l.whl", hash = "sha256:aa733093d1f9d88a5d98988d8834ef5d6f9828d03743bf5e338bf980a19fce27", size = 13311482, upload-time = "2025-12-11T21:39:17.51Z" },
    { url = "https://files.pythonhosted.org/packages/5b/3a/459dce7a8cb35ba1ea3e9c88f19077667a7977234f3b5ab197fad240b404/ruff-0.14.9-py3-none-manylinux_2_17_i686.manylinux2014_i686.whl", hash = "sha256:6a1cfb04eda979b20c8c19550c8b5f498df64ff8da151283311ce3199e8b3648", size = 14016100, upload-time = "2025-12-11T21:39:41.948Z" },
    { url = "https://files.pythonhosted.org/packages/a6/31/f064f4ec32524f9956a0890fc6a944e5cf06c63c554e39957d208c0ffc45/ruff-0.14.9-py3-none-manylinux_2_17_ppc64.manylinux2014_ppc64.whl", hash = "sha256:1e5cb521e5ccf0008bd74d5595a4580313844a42b9103b7388eca5a12c970743", size = 15477729, upload-time = "2025-12-11T21:39:23.279Z" },
    { url = "https://files.pythonhosted.org/packages/7a/6d/f364252aad36ccd443494bc5f02e41bf677f964b58902a17c0b16c53d890/ruff-0.14.9-py3-none-manylinux_2_17_ppc64le.manylinux2014_ppc64le.whl", hash = "sha256:cd429a8926be6bba4befa8cdcf3f4dd2591c413ea5066b1e99155ed245ae42bb", size = 15122386, upload-time = "2025-12-11T21:39:33.125Z" },
    { url = "https://files.pythonhosted.org/packages/20/02/e848787912d16209aba2799a4d5a1775660b6a3d0ab3944a4ccc13e64a02/ruff-0.14.9-py3-none-manylinux_2_17_s390x.manylinux2014_s390x.whl", hash = "sha256:ab208c1b7a492e37caeaf290b1378148f75e13c2225af5d44628b95fd7834273", size = 14497124, upload-time = "2025-12-11T21:38:59.33Z" },
    { url = "https://files.pythonhosted.org/packages/f3/51/0489a6a5595b7760b5dbac0dd82852b510326e7d88d51dbffcd2e07e3ff3/ruff-0.14.9-py3-none-manylinux_2_17_x86_64.manylinux2014_x86_64.whl", hash = "sha256:72034534e5b11e8a593f517b2f2f2b273eb68a30978c6a2d40473ad0aaa4cb4a", size = 14195343, upload-time = "2025-12-11T21:39:44.866Z" },
    { url = "https://files.pythonhosted.org/packages/f6/53/3bb8d2fa73e4c2f80acc65213ee0830fa0c49c6479313f7a68a00f39e208/ruff-0.14.9-py3-none-manylinux_2_31_riscv64.whl", hash = "sha256:712ff04f44663f1b90a1195f51525836e3413c8a773574a7b7775554269c30ed", size = 14346425, upload-time = "2025-12-11T21:39:05.927Z" },
    { url = "https://files.pythonhosted.org/packages/ad/04/bdb1d0ab876372da3e983896481760867fc84f969c5c09d428e8f01b557f/ruff-0.14.9-py3-none-musllinux_1_2_aarch64.whl", hash = "sha256:a111fee1db6f1d5d5810245295527cda1d367c5aa8f42e0fca9a78ede9b4498b", size = 13258768, upload-time = "2025-12-11T21:39:08.691Z" },
    { url = "https://files.pythonhosted.org/packages/40/d9/8bf8e1e41a311afd2abc8ad12be1b6c6c8b925506d9069b67bb5e9a04af3/ruff-0.14.9-py3-none-musllinux_1_2_armv7l.whl", hash = "sha256:8769efc71558fecc25eb295ddec7d1030d41a51e9dcf127cbd63ec517f22d567", size = 13326939, upload-time = "2025-12-11T21:39:53.842Z" },
    { url = "https://files.pythonhosted.org/packages/f4/56/a213fa9edb6dd849f1cfbc236206ead10913693c72a67fb7ddc1833bf95d/ruff-0.14.9-py3-none-musllinux_1_2_i686.whl", hash = "sha256:347e3bf16197e8a2de17940cd75fd6491e25c0aa7edf7d61aa03f146a1aa885a", size = 13578888, upload-time = "2025-12-11T21:39:35.988Z" },
    { url = "https://files.pythonhosted.org/packages/33/09/6a4a67ffa4abae6bf44c972a4521337ffce9cbc7808faadede754ef7a79c/ruff-0.14.9-py3-none-musllinux_1_2_x86_64.whl", hash = "sha256:7715d14e5bccf5b660f54516558aa94781d3eb0838f8e706fb60e3ff6eff03a8", size = 14314473, upload-time = "2025-12-11T21:39:50.78Z" },
    { url = "https://files.pythonhosted.org/packages/12/0d/15cc82da5d83f27a3c6b04f3a232d61bc8c50d38a6cd8da79228e5f8b8d6/ruff-0.14.9-py3-none-win32.whl", hash = "sha256:df0937f30aaabe83da172adaf8937003ff28172f59ca9f17883b4213783df197", size = 13202651, upload-time = "2025-12-11T21:39:26.628Z" },
    { url = "https://files.pythonhosted.org/packages/32/f7/c78b060388eefe0304d9d42e68fab8cffd049128ec466456cef9b8d4f06f/ruff-0.14.9-py3-none-win_amd64.whl", hash = "sha256:c0b53a10e61df15a42ed711ec0bda0c582039cf6c754c49c020084c55b5b0bc2", size = 14702079, upload-time = "2025-12-11T21:39:11.954Z" },
    { url = "https://files.pythonhosted.org/packages/26/09/7a9520315decd2334afa65ed258fed438f070e31f05a2e43dd480a5e5911/ruff-0.14.9-py3-none-win_arm64.whl", hash = "sha256:8e821c366517a074046d92f0e9213ed1c13dbc5b37a7fc20b07f79b64d62cc84", size = 13744730, upload-time = "2025-12-11T21:39:29.659Z" },
]

[[package]]
name = "sortedcontainers"
version = "2.4.0"
source = { registry = "https://pypi.org/simple" }
sdist = { url = "https://files.pythonhosted.org/packages/e8/c4/ba2f8066cceb6f23394729afe52f3bf7adec04bf9ed2c820b39e19299111/sortedcontainers-2.4.0.tar.gz", hash = "sha256:25caa5a06cc30b6b83d11423433f65d1f9d76c4c6a0c90e3379eaa43b9bfdb88", size = 30594, upload-time = "2021-05-16T22:03:42.897Z" }
wheels = [
    { url = "https://files.pythonhosted.org/packages/32/46/9cb0e58b2deb7f82b84065f37f3bffeb12413f947f9388e4cac22c4621ce/sortedcontainers-2.4.0-py2.py3-none-any.whl", hash = "sha256:a163dcaede0f1c021485e957a39245190e74249897e2ae4b2aa38595db237ee0", size = 29575, upload-time = "2021-05-16T22:03:41.177Z" },
]

[[package]]
name = "symset"
version = "0.0.1.dev0"
source = { editable = "." }

[package.dev-dependencies]
dev = [
    { name = "basedpyright" },
    { name = "hypothesis" },
    { name = "maturin" },
    { name = "maturin-import-hook" },
    { name = "pytest" },
    { name = "ruff" },
]

[package.metadata]

[package.metadata.requires-dev]
dev = [
    { name = "basedpyright", specifier = ">=1.31.6" },
    { name = "hypothesis", specifier = ">=6.140.3" },
    { name = "maturin", specifier = ">=1.9.6" },
    { name = "maturin-import-hook", specifier = ">=0.3.0" },
    { name = "pytest", specifier = ">=8.4.2" },
    { name = "ruff", specifier = ">=0.14.0" },
]
